{
  "version": 4,
  "terraform_version": "1.3.7",
  "serial": 15,
  "lineage": "103de480-a615-b10c-a395-821c488a7d77",
  "outputs": {
    "project_id": {
      "value": "firebase-cloudrun-3aa4",
      "type": "string"
    },
    "sa_key": {
      "value": "ewogICJ0eXBlIjogInNlcnZpY2VfYWNjb3VudCIsCiAgInByb2plY3RfaWQiOiAiZmlyZWJhc2UtY2xvdWRydW4tM2FhNCIsCiAgInByaXZhdGVfa2V5X2lkIjogImNjMmY1YTAzYWJlMTI4NTM0OTIyNDgxMDdjN2RmYWQzMjY1MDg3ZDUiLAogICJwcml2YXRlX2tleSI6ICItLS0tLUJFR0lOIFBSSVZBVEUgS0VZLS0tLS1cbk1JSUV2UUlCQURBTkJna3Foa2lHOXcwQkFRRUZBQVNDQktjd2dnU2pBZ0VBQW9JQkFRRGRRNnZPQm1EeTdZVmlcbnpFZmtmNVlQSThpS1BiY0JKaGRPL1hKN2k2bTJySWI5YUVoRkFkNjdOVGp0elRSRSs4Tm9yVWxFeFR2RWhmWTZcblVQQnJqSGNPaUVQYjhiQmk4SDJMVUpaZHpIcG5OUk1Sa294MW1EcGVobnFsWWhqT0p4YlJUdlFidUdHYUFXRGhcbmMzZ2VycFdLOTlSYkY5YTlrOTNOK05HT0Q1R1hRZ3JrYWhkclFqbnVEME9UZ1d3dVVQcGQyejROTXEyVzRySTBcblhnU0ZJV2dBemhMZVZzaVZlbFZEb3E2K1E5RHBoeHFCeitkS2VBVVBtU0drQ0VIZkhCbDRhMUE5UDY1eTlXZjNcbmRMYUdNWlJWdWhyY0h4Z0RCSXByNkVtSXZaU1NwVmhZTjBMUUhrYU9KaUpkVGRFOWVwT1FXN2NpNmdNMHhIeG9cbkVsSkw4VHdaQWdNQkFBRUNnZ0VBRXllY0ZISmQ2em5mdmIxVWpmWHpuaXpwVy9wYXdPazB4RnhSa0Z0M1hqNlNcblV4YTNodTNTQTkvb0pVSUovOXpSdmxxZUNLdVFjSU51WFA4THlTdTRWTlE4RjZyVks4T0pBc24vc25BVXVxR1FcbkhJblV5Z3RiSmpxN0hGMGhLNXVic0pRR3N1MmoyV3E4SWRoV3NrVkg0ZWR4aFU5TGdrN3VPVG9NbmlFLzU5bWhcbkZHL21lbVJyczd5SmRpMUZqaitJdkI1SGlQS0tYeHhQeEFZL3VaWVo3TGRIZEJINEkva1BBUzhOY2lJb21CN3VcbmF4QTBCbTRMOGJoTkVyeSs0NEFXMnVwbHpRdlhuSW93UWhqS0tsMUowN2hqVHc5NzJ3VGhONHhpcnBxNXRLczlcbnF5T0RRSjUrdnE4MGFGL09ZeW1LUUkyaWJBVDhiVndvUW9SWXdoUGZBUUtCZ1FEeG0vVnJLRHFCOHlyUWZ2Q0tcbmN2c1k1UjluN2x6UkpoNEMzWjI3ejBva0VQaC8vOHE2R1JJS3Z5QXNsTlBYKzNmTFhRdG5XaHBtOFp2N09lOUxcblQ2TEhJTHBQYmJVQmFnalNKL3JRQXhCUTFKMStOZHlSNnlrRktuUU45WG5jYlRPajFLL1BicmQ3eHd1bnhLNGJcbm05NXNyRy9Cb0s1TThOZzdmV1U3ZXVUcndRS0JnUURxY1g3QzhlMkZaQ0Q0eWplQnpTZVdGcDE4SXdkQlh5bVZcbld5Q1Y5M3FQeGRFQ1BNUDBEQXRpd29GREFWRzFNR2tmY3lsamdZcnRCZ3BoVWM2MWgwa0dadUxhYjlxYVB6RkZcbkpGTjNtR0p2RWIybXRzaXM2NndodUR1MCtnTDZUTXNDVDBVRGJUd2lwUlZyeXVjYWRUeFd6a1NyaS9ZUmlCazJcbldhdnRGUVRHV1FLQmdBMFpPRy9yeVdnOEo2a1FDTGhveldZbkhkSERvWEtSVDNVMlVKUGJCQmo2ZG81eDdxcXlcbkswRTc1V0dsVytyTXJrenZLV3diL1d4eFV0U0c2b3M1c1FoOHBMMGpwSG1FSnlCRm5KcGtZQ0VSdGN3ZTNXdG5cbnhWeUxWYWxnRXBBNXQxLzlhdDZqRVAxNzZBemJZOWtKVlVDdEJJNEp5UWxRMFZoQVR4bXZhdlBCQW9HQkFJOGxcbjNaQ0t4OHk2NXFjQ1VnSWZraHhDa3NaSlhSUzlWbGFyM2FtMEFsSG5KMGVHY3QrQXV6TUNNSXNKTXlxKzlIRVBcbmtDWUI0eUgybmovdUE1a3prWk1uSHp6aEwwa2ZiS1liR0J2ZUg3eFJ5TXNTc0ZWbFVTVUZxTzlIK0tsOFdqaCtcbnpsVFpUZTZaZmdyalNWa09YRmxrZU9tRi9DbVlRRXkvVkFyZTJwdUJBb0dBRUNjRWs5bmdmbjlyUVZweVNIUzFcbitwc2ZxR2l1NHIvRG9tNDFqMGpNTDlXeEh5UmVDQjFVeHQyalhPcjFCRHNTQUg1YS9kY2FuVjZReDloblpscWpcbi9zSDRBQyt4SjVHQVVCQjFGUVhObVlzelJLNTdqcHhmMk5WbEZJcUJCRThLd3lYWVRwSmUvZzlBY09BUGR5Y0ZcbnREWmdERUFIelRicXhKVXF5VjVtSXI4PVxuLS0tLS1FTkQgUFJJVkFURSBLRVktLS0tLVxuIiwKICAiY2xpZW50X2VtYWlsIjogImZpcmViYXNlLWNsb3VkcnVuQGZpcmViYXNlLWNsb3VkcnVuLTNhYTQuaWFtLmdzZXJ2aWNlYWNjb3VudC5jb20iLAogICJjbGllbnRfaWQiOiAiMTAyNDg4MzQ4OTA1OTQwNzY5Nzc4IiwKICAiYXV0aF91cmkiOiAiaHR0cHM6Ly9hY2NvdW50cy5nb29nbGUuY29tL28vb2F1dGgyL2F1dGgiLAogICJ0b2tlbl91cmkiOiAiaHR0cHM6Ly9vYXV0aDIuZ29vZ2xlYXBpcy5jb20vdG9rZW4iLAogICJhdXRoX3Byb3ZpZGVyX3g1MDlfY2VydF91cmwiOiAiaHR0cHM6Ly93d3cuZ29vZ2xlYXBpcy5jb20vb2F1dGgyL3YxL2NlcnRzIiwKICAiY2xpZW50X3g1MDlfY2VydF91cmwiOiAiaHR0cHM6Ly93d3cuZ29vZ2xlYXBpcy5jb20vcm9ib3QvdjEvbWV0YWRhdGEveDUwOS9maXJlYmFzZS1jbG91ZHJ1biU0MGZpcmViYXNlLWNsb3VkcnVuLTNhYTQuaWFtLmdzZXJ2aWNlYWNjb3VudC5jb20iCn0K",
      "type": "string",
      "sensitive": true
    }
  },
  "resources": [
    {
      "mode": "managed",
      "type": "google_project_iam_member",
      "name": "int_test",
      "provider": "provider[\"registry.terraform.io/hashicorp/google\"]",
      "instances": [
        {
          "index_key": 0,
          "schema_version": 0,
          "attributes": {
            "condition": [],
            "etag": "BwX0S+FxTeE=",
            "id": "firebase-cloudrun-3aa4/roles/storage.admin/serviceAccount:firebase-cloudrun@firebase-cloudrun-3aa4.iam.gserviceaccount.com",
            "member": "serviceAccount:firebase-cloudrun@firebase-cloudrun-3aa4.iam.gserviceaccount.com",
            "project": "firebase-cloudrun-3aa4",
            "role": "roles/storage.admin"
          },
          "sensitive_attributes": [],
          "private": "bnVsbA==",
          "dependencies": [
            "google_service_account.int_test",
            "module.project.module.project-factory.google_compute_shared_vpc_host_project.shared_vpc_host",
            "module.project.module.project-factory.google_compute_shared_vpc_service_project.shared_vpc_attachment",
            "module.project.module.project-factory.google_project.main",
            "module.project.module.project-factory.module.project_services.data.google_compute_default_service_account.default",
            "module.project.module.project-factory.module.project_services.google_project_iam_member.project_service_identity_roles",
            "module.project.module.project-factory.module.project_services.google_project_service.project_services",
            "module.project.module.project-factory.module.project_services.google_project_service_identity.project_service_identities",
            "module.project.module.project-factory.random_id.random_project_id_suffix",
            "module.project.module.project-factory.random_string.random_project_id_suffix"
          ]
        },
        {
          "index_key": 1,
          "schema_version": 0,
          "attributes": {
            "condition": [],
            "etag": "BwX0S+FxTeE=",
            "id": "firebase-cloudrun-3aa4/roles/iam.serviceAccountUser/serviceAccount:firebase-cloudrun@firebase-cloudrun-3aa4.iam.gserviceaccount.com",
            "member": "serviceAccount:firebase-cloudrun@firebase-cloudrun-3aa4.iam.gserviceaccount.com",
            "project": "firebase-cloudrun-3aa4",
            "role": "roles/iam.serviceAccountUser"
          },
          "sensitive_attributes": [],
          "private": "bnVsbA==",
          "dependencies": [
            "google_service_account.int_test",
            "module.project.module.project-factory.google_compute_shared_vpc_host_project.shared_vpc_host",
            "module.project.module.project-factory.google_compute_shared_vpc_service_project.shared_vpc_attachment",
            "module.project.module.project-factory.google_project.main",
            "module.project.module.project-factory.module.project_services.data.google_compute_default_service_account.default",
            "module.project.module.project-factory.module.project_services.google_project_iam_member.project_service_identity_roles",
            "module.project.module.project-factory.module.project_services.google_project_service.project_services",
            "module.project.module.project-factory.module.project_services.google_project_service_identity.project_service_identities",
            "module.project.module.project-factory.random_id.random_project_id_suffix",
            "module.project.module.project-factory.random_string.random_project_id_suffix"
          ]
        }
      ]
    },
    {
      "mode": "managed",
      "type": "google_service_account",
      "name": "int_test",
      "provider": "provider[\"registry.terraform.io/hashicorp/google\"]",
      "instances": [
        {
          "schema_version": 0,
          "attributes": {
            "account_id": "firebase-cloudrun",
            "description": "",
            "disabled": false,
            "display_name": "firebase-cloudrun",
            "email": "firebase-cloudrun@firebase-cloudrun-3aa4.iam.gserviceaccount.com",
            "id": "projects/firebase-cloudrun-3aa4/serviceAccounts/firebase-cloudrun@firebase-cloudrun-3aa4.iam.gserviceaccount.com",
            "member": "serviceAccount:firebase-cloudrun@firebase-cloudrun-3aa4.iam.gserviceaccount.com",
            "name": "projects/firebase-cloudrun-3aa4/serviceAccounts/firebase-cloudrun@firebase-cloudrun-3aa4.iam.gserviceaccount.com",
            "project": "firebase-cloudrun-3aa4",
            "timeouts": null,
            "unique_id": "102488348905940769778"
          },
          "sensitive_attributes": [],
          "private": "eyJlMmJmYjczMC1lY2FhLTExZTYtOGY4OC0zNDM2M2JjN2M0YzAiOnsiY3JlYXRlIjozMDAwMDAwMDAwMDB9fQ==",
          "dependencies": [
            "module.project.module.project-factory.google_compute_shared_vpc_host_project.shared_vpc_host",
            "module.project.module.project-factory.google_compute_shared_vpc_service_project.shared_vpc_attachment",
            "module.project.module.project-factory.google_project.main",
            "module.project.module.project-factory.module.project_services.data.google_compute_default_service_account.default",
            "module.project.module.project-factory.module.project_services.google_project_iam_member.project_service_identity_roles",
            "module.project.module.project-factory.module.project_services.google_project_service.project_services",
            "module.project.module.project-factory.module.project_services.google_project_service_identity.project_service_identities",
            "module.project.module.project-factory.random_id.random_project_id_suffix",
            "module.project.module.project-factory.random_string.random_project_id_suffix"
          ]
        }
      ]
    },
    {
      "mode": "managed",
      "type": "google_service_account_key",
      "name": "int_test",
      "provider": "provider[\"registry.terraform.io/hashicorp/google\"]",
      "instances": [
        {
          "schema_version": 0,
          "attributes": {
            "id": "projects/firebase-cloudrun-3aa4/serviceAccounts/firebase-cloudrun@firebase-cloudrun-3aa4.iam.gserviceaccount.com/keys/cc2f5a03abe12853492248107c7dfad3265087d5",
            "keepers": null,
            "key_algorithm": "KEY_ALG_RSA_2048",
            "name": "projects/firebase-cloudrun-3aa4/serviceAccounts/firebase-cloudrun@firebase-cloudrun-3aa4.iam.gserviceaccount.com/keys/cc2f5a03abe12853492248107c7dfad3265087d5",
            "private_key": "ewogICJ0eXBlIjogInNlcnZpY2VfYWNjb3VudCIsCiAgInByb2plY3RfaWQiOiAiZmlyZWJhc2UtY2xvdWRydW4tM2FhNCIsCiAgInByaXZhdGVfa2V5X2lkIjogImNjMmY1YTAzYWJlMTI4NTM0OTIyNDgxMDdjN2RmYWQzMjY1MDg3ZDUiLAogICJwcml2YXRlX2tleSI6ICItLS0tLUJFR0lOIFBSSVZBVEUgS0VZLS0tLS1cbk1JSUV2UUlCQURBTkJna3Foa2lHOXcwQkFRRUZBQVNDQktjd2dnU2pBZ0VBQW9JQkFRRGRRNnZPQm1EeTdZVmlcbnpFZmtmNVlQSThpS1BiY0JKaGRPL1hKN2k2bTJySWI5YUVoRkFkNjdOVGp0elRSRSs4Tm9yVWxFeFR2RWhmWTZcblVQQnJqSGNPaUVQYjhiQmk4SDJMVUpaZHpIcG5OUk1Sa294MW1EcGVobnFsWWhqT0p4YlJUdlFidUdHYUFXRGhcbmMzZ2VycFdLOTlSYkY5YTlrOTNOK05HT0Q1R1hRZ3JrYWhkclFqbnVEME9UZ1d3dVVQcGQyejROTXEyVzRySTBcblhnU0ZJV2dBemhMZVZzaVZlbFZEb3E2K1E5RHBoeHFCeitkS2VBVVBtU0drQ0VIZkhCbDRhMUE5UDY1eTlXZjNcbmRMYUdNWlJWdWhyY0h4Z0RCSXByNkVtSXZaU1NwVmhZTjBMUUhrYU9KaUpkVGRFOWVwT1FXN2NpNmdNMHhIeG9cbkVsSkw4VHdaQWdNQkFBRUNnZ0VBRXllY0ZISmQ2em5mdmIxVWpmWHpuaXpwVy9wYXdPazB4RnhSa0Z0M1hqNlNcblV4YTNodTNTQTkvb0pVSUovOXpSdmxxZUNLdVFjSU51WFA4THlTdTRWTlE4RjZyVks4T0pBc24vc25BVXVxR1FcbkhJblV5Z3RiSmpxN0hGMGhLNXVic0pRR3N1MmoyV3E4SWRoV3NrVkg0ZWR4aFU5TGdrN3VPVG9NbmlFLzU5bWhcbkZHL21lbVJyczd5SmRpMUZqaitJdkI1SGlQS0tYeHhQeEFZL3VaWVo3TGRIZEJINEkva1BBUzhOY2lJb21CN3VcbmF4QTBCbTRMOGJoTkVyeSs0NEFXMnVwbHpRdlhuSW93UWhqS0tsMUowN2hqVHc5NzJ3VGhONHhpcnBxNXRLczlcbnF5T0RRSjUrdnE4MGFGL09ZeW1LUUkyaWJBVDhiVndvUW9SWXdoUGZBUUtCZ1FEeG0vVnJLRHFCOHlyUWZ2Q0tcbmN2c1k1UjluN2x6UkpoNEMzWjI3ejBva0VQaC8vOHE2R1JJS3Z5QXNsTlBYKzNmTFhRdG5XaHBtOFp2N09lOUxcblQ2TEhJTHBQYmJVQmFnalNKL3JRQXhCUTFKMStOZHlSNnlrRktuUU45WG5jYlRPajFLL1BicmQ3eHd1bnhLNGJcbm05NXNyRy9Cb0s1TThOZzdmV1U3ZXVUcndRS0JnUURxY1g3QzhlMkZaQ0Q0eWplQnpTZVdGcDE4SXdkQlh5bVZcbld5Q1Y5M3FQeGRFQ1BNUDBEQXRpd29GREFWRzFNR2tmY3lsamdZcnRCZ3BoVWM2MWgwa0dadUxhYjlxYVB6RkZcbkpGTjNtR0p2RWIybXRzaXM2NndodUR1MCtnTDZUTXNDVDBVRGJUd2lwUlZyeXVjYWRUeFd6a1NyaS9ZUmlCazJcbldhdnRGUVRHV1FLQmdBMFpPRy9yeVdnOEo2a1FDTGhveldZbkhkSERvWEtSVDNVMlVKUGJCQmo2ZG81eDdxcXlcbkswRTc1V0dsVytyTXJrenZLV3diL1d4eFV0U0c2b3M1c1FoOHBMMGpwSG1FSnlCRm5KcGtZQ0VSdGN3ZTNXdG5cbnhWeUxWYWxnRXBBNXQxLzlhdDZqRVAxNzZBemJZOWtKVlVDdEJJNEp5UWxRMFZoQVR4bXZhdlBCQW9HQkFJOGxcbjNaQ0t4OHk2NXFjQ1VnSWZraHhDa3NaSlhSUzlWbGFyM2FtMEFsSG5KMGVHY3QrQXV6TUNNSXNKTXlxKzlIRVBcbmtDWUI0eUgybmovdUE1a3prWk1uSHp6aEwwa2ZiS1liR0J2ZUg3eFJ5TXNTc0ZWbFVTVUZxTzlIK0tsOFdqaCtcbnpsVFpUZTZaZmdyalNWa09YRmxrZU9tRi9DbVlRRXkvVkFyZTJwdUJBb0dBRUNjRWs5bmdmbjlyUVZweVNIUzFcbitwc2ZxR2l1NHIvRG9tNDFqMGpNTDlXeEh5UmVDQjFVeHQyalhPcjFCRHNTQUg1YS9kY2FuVjZReDloblpscWpcbi9zSDRBQyt4SjVHQVVCQjFGUVhObVlzelJLNTdqcHhmMk5WbEZJcUJCRThLd3lYWVRwSmUvZzlBY09BUGR5Y0ZcbnREWmdERUFIelRicXhKVXF5VjVtSXI4PVxuLS0tLS1FTkQgUFJJVkFURSBLRVktLS0tLVxuIiwKICAiY2xpZW50X2VtYWlsIjogImZpcmViYXNlLWNsb3VkcnVuQGZpcmViYXNlLWNsb3VkcnVuLTNhYTQuaWFtLmdzZXJ2aWNlYWNjb3VudC5jb20iLAogICJjbGllbnRfaWQiOiAiMTAyNDg4MzQ4OTA1OTQwNzY5Nzc4IiwKICAiYXV0aF91cmkiOiAiaHR0cHM6Ly9hY2NvdW50cy5nb29nbGUuY29tL28vb2F1dGgyL2F1dGgiLAogICJ0b2tlbl91cmkiOiAiaHR0cHM6Ly9vYXV0aDIuZ29vZ2xlYXBpcy5jb20vdG9rZW4iLAogICJhdXRoX3Byb3ZpZGVyX3g1MDlfY2VydF91cmwiOiAiaHR0cHM6Ly93d3cuZ29vZ2xlYXBpcy5jb20vb2F1dGgyL3YxL2NlcnRzIiwKICAiY2xpZW50X3g1MDlfY2VydF91cmwiOiAiaHR0cHM6Ly93d3cuZ29vZ2xlYXBpcy5jb20vcm9ib3QvdjEvbWV0YWRhdGEveDUwOS9maXJlYmFzZS1jbG91ZHJ1biU0MGZpcmViYXNlLWNsb3VkcnVuLTNhYTQuaWFtLmdzZXJ2aWNlYWNjb3VudC5jb20iCn0K",
            "private_key_type": "TYPE_GOOGLE_CREDENTIALS_FILE",
            "public_key": "LS0tLS1CRUdJTiBDRVJUSUZJQ0FURS0tLS0tCk1JSUMvRENDQWVTZ0F3SUJBZ0lJV3dvajNKa2xsYnN3RFFZSktvWklodmNOQVFFRkJRQXdJREVlTUJ3R0ExVUUKQXhNVk1UQXlORGc0TXpRNE9UQTFPVFF3TnpZNU56YzRNQ0FYRFRJek1ESXdPVEl5TWpjd01Wb1lEems1T1RreApNak14TWpNMU9UVTVXakFnTVI0d0hBWURWUVFERXhVeE1ESTBPRGd6TkRnNU1EVTVOREEzTmprM056Z3dnZ0VpCk1BMEdDU3FHU0liM0RRRUJBUVVBQTRJQkR3QXdnZ0VLQW9JQkFRRGRRNnZPQm1EeTdZVml6RWZrZjVZUEk4aUsKUGJjQkpoZE8vWEo3aTZtMnJJYjlhRWhGQWQ2N05UanR6VFJFKzhOb3JVbEV4VHZFaGZZNlVQQnJqSGNPaUVQYgo4YkJpOEgyTFVKWmR6SHBuTlJNUmtveDFtRHBlaG5xbFloak9KeGJSVHZRYnVHR2FBV0RoYzNnZXJwV0s5OVJiCkY5YTlrOTNOK05HT0Q1R1hRZ3JrYWhkclFqbnVEME9UZ1d3dVVQcGQyejROTXEyVzRySTBYZ1NGSVdnQXpoTGUKVnNpVmVsVkRvcTYrUTlEcGh4cUJ6K2RLZUFVUG1TR2tDRUhmSEJsNGExQTlQNjV5OVdmM2RMYUdNWlJWdWhyYwpIeGdEQklwcjZFbUl2WlNTcFZoWU4wTFFIa2FPSmlKZFRkRTllcE9RVzdjaTZnTTB4SHhvRWxKTDhUd1pBZ01CCkFBR2pPREEyTUF3R0ExVWRFd0VCL3dRQ01BQXdEZ1lEVlIwUEFRSC9CQVFEQWdlQU1CWUdBMVVkSlFFQi93UU0KTUFvR0NDc0dBUVVGQndNQ01BMEdDU3FHU0liM0RRRUJCUVVBQTRJQkFRQ1crUUlqZE1jV3ZtbUZVck9XR0NVTgozb2FZUzl4U2lCSXl2TjQ0RDNwREtSbDJVMHY1NFZMdzhCYllKWk1EdHl6b0VIR2NPa2Z5bS9kSUoxb2UzRE9GCnJQWDlkVXNiOUpOYmczNk9xQ2NqTnNsTjRPSWNSd0JtSEhlMEdleE1wTHhkL0FRZ25STjMxU0VUakxlQWprNFMKMlNSMlhHVGViUUxPNmt6VVJXaW9CUE9qTlBDWnpFTFJTeG9mNGJYS1pDY0VLTFNtNEJLU2pPM2VRZTUvelk0OApkc1lpN0dNbWlUQVFsRHFXUGtEMS9Bam5wbkFKd1JlanNIclBDc1ZTOFFaY1liajkvYVFSYXRyUUZnanJ0T3ZICkZFdU5tNlJ1ekJKamdhd05Ic0E4LzEwbVl5VmtOTXRYajVSQzlYNHFDVXdaaTc0ek9wOWxmRjA0aU1tdEtvM0kKLS0tLS1FTkQgQ0VSVElGSUNBVEUtLS0tLQo=",
            "public_key_data": null,
            "public_key_type": "TYPE_X509_PEM_FILE",
            "service_account_id": "projects/firebase-cloudrun-3aa4/serviceAccounts/firebase-cloudrun@firebase-cloudrun-3aa4.iam.gserviceaccount.com",
            "valid_after": "2023-02-09T22:27:01Z",
            "valid_before": "9999-12-31T23:59:59Z"
          },
          "sensitive_attributes": [],
          "private": "bnVsbA==",
          "dependencies": [
            "google_service_account.int_test",
            "module.project.module.project-factory.google_compute_shared_vpc_host_project.shared_vpc_host",
            "module.project.module.project-factory.google_compute_shared_vpc_service_project.shared_vpc_attachment",
            "module.project.module.project-factory.google_project.main",
            "module.project.module.project-factory.module.project_services.data.google_compute_default_service_account.default",
            "module.project.module.project-factory.module.project_services.google_project_iam_member.project_service_identity_roles",
            "module.project.module.project-factory.module.project_services.google_project_service.project_services",
            "module.project.module.project-factory.module.project_services.google_project_service_identity.project_service_identities",
            "module.project.module.project-factory.random_id.random_project_id_suffix",
            "module.project.module.project-factory.random_string.random_project_id_suffix"
          ]
        }
      ]
    },
    {
      "module": "module.project.module.budget",
      "mode": "data",
      "type": "google_project",
      "name": "project",
      "provider": "provider[\"registry.terraform.io/hashicorp/google\"]",
      "instances": [
        {
          "index_key": 0,
          "schema_version": 0,
          "attributes": {
            "auto_create_network": null,
            "billing_account": "0184D5-9270D6-C8A27E",
            "folder_id": "227150143254",
            "id": "projects/firebase-cloudrun-3aa4",
            "labels": {},
            "name": "firebase-cloudrun",
            "number": "514905030344",
            "org_id": "",
            "project_id": "firebase-cloudrun-3aa4",
            "skip_delete": null
          },
          "sensitive_attributes": []
        }
      ]
    },
    {
      "module": "module.project.module.project-factory",
      "mode": "managed",
      "type": "google_project",
      "name": "main",
      "provider": "provider[\"registry.terraform.io/hashicorp/google\"]",
      "instances": [
        {
          "schema_version": 1,
          "attributes": {
            "auto_create_network": false,
            "billing_account": "0184D5-9270D6-C8A27E",
            "folder_id": "227150143254",
            "id": "projects/firebase-cloudrun-3aa4",
            "labels": null,
            "name": "firebase-cloudrun",
            "number": "514905030344",
            "org_id": "",
            "project_id": "firebase-cloudrun-3aa4",
            "skip_delete": null,
            "timeouts": null
          },
          "sensitive_attributes": [],
          "private": "eyJlMmJmYjczMC1lY2FhLTExZTYtOGY4OC0zNDM2M2JjN2M0YzAiOnsiY3JlYXRlIjo2MDAwMDAwMDAwMDAsImRlbGV0ZSI6NjAwMDAwMDAwMDAwLCJyZWFkIjo2MDAwMDAwMDAwMDAsInVwZGF0ZSI6NjAwMDAwMDAwMDAwfSwic2NoZW1hX3ZlcnNpb24iOiIxIn0=",
          "dependencies": [
            "module.project.module.project-factory.random_id.random_project_id_suffix",
            "module.project.module.project-factory.random_string.random_project_id_suffix"
          ]
        }
      ]
    },
    {
      "module": "module.project.module.project-factory",
      "mode": "managed",
      "type": "google_project_default_service_accounts",
      "name": "default_service_accounts",
      "provider": "provider[\"registry.terraform.io/hashicorp/google\"]",
      "instances": [
        {
          "index_key": 0,
          "schema_version": 0,
          "attributes": {
            "action": "DISABLE",
            "id": "projects/firebase-cloudrun-3aa4",
            "project": "firebase-cloudrun-3aa4",
            "restore_policy": "REVERT_AND_IGNORE_FAILURE",
            "service_accounts": {
              "112154956171969984804": "514905030344-compute@developer.gserviceaccount.com"
            },
            "timeouts": null
          },
          "sensitive_attributes": [],
          "private": "eyJlMmJmYjczMC1lY2FhLTExZTYtOGY4OC0zNDM2M2JjN2M0YzAiOnsiY3JlYXRlIjo2MDAwMDAwMDAwMDAsImRlbGV0ZSI6NjAwMDAwMDAwMDAwLCJyZWFkIjo2MDAwMDAwMDAwMDB9fQ==",
          "dependencies": [
            "module.project.module.project-factory.google_project.main",
            "module.project.module.project-factory.module.project_services.data.google_compute_default_service_account.default",
            "module.project.module.project-factory.module.project_services.google_project_iam_member.project_service_identity_roles",
            "module.project.module.project-factory.module.project_services.google_project_service.project_services",
            "module.project.module.project-factory.module.project_services.google_project_service_identity.project_service_identities",
            "module.project.module.project-factory.random_id.random_project_id_suffix",
            "module.project.module.project-factory.random_string.random_project_id_suffix"
          ]
        }
      ]
    },
    {
      "module": "module.project.module.project-factory",
      "mode": "managed",
      "type": "google_service_account",
      "name": "default_service_account",
      "provider": "provider[\"registry.terraform.io/hashicorp/google\"]",
      "instances": [
        {
          "index_key": 0,
          "schema_version": 0,
          "attributes": {
            "account_id": "project-service-account",
            "description": "",
            "disabled": false,
            "display_name": "firebase-cloudrun Project Service Account",
            "email": "project-service-account@firebase-cloudrun-3aa4.iam.gserviceaccount.com",
            "id": "projects/firebase-cloudrun-3aa4/serviceAccounts/project-service-account@firebase-cloudrun-3aa4.iam.gserviceaccount.com",
            "member": "serviceAccount:project-service-account@firebase-cloudrun-3aa4.iam.gserviceaccount.com",
            "name": "projects/firebase-cloudrun-3aa4/serviceAccounts/project-service-account@firebase-cloudrun-3aa4.iam.gserviceaccount.com",
            "project": "firebase-cloudrun-3aa4",
            "timeouts": null,
            "unique_id": "114694193232922564808"
          },
          "sensitive_attributes": [],
          "private": "eyJlMmJmYjczMC1lY2FhLTExZTYtOGY4OC0zNDM2M2JjN2M0YzAiOnsiY3JlYXRlIjozMDAwMDAwMDAwMDB9fQ==",
          "dependencies": [
            "module.project.module.project-factory.google_project.main",
            "module.project.module.project-factory.random_id.random_project_id_suffix",
            "module.project.module.project-factory.random_string.random_project_id_suffix"
          ]
        }
      ]
    },
    {
      "module": "module.project.module.project-factory",
      "mode": "managed",
      "type": "random_id",
      "name": "random_project_id_suffix",
      "provider": "provider[\"registry.terraform.io/hashicorp/random\"]",
      "instances": [
        {
          "schema_version": 0,
          "attributes": {
            "b64_std": "OqQ=",
            "b64_url": "OqQ",
            "byte_length": 2,
            "dec": "15012",
            "hex": "3aa4",
            "id": "OqQ",
            "keepers": null,
            "prefix": null
          },
          "sensitive_attributes": []
        }
      ]
    },
    {
      "module": "module.project.module.project-factory.module.project_services",
      "mode": "managed",
      "type": "google_project_service",
      "name": "project_services",
      "provider": "provider[\"registry.terraform.io/hashicorp/google\"]",
      "instances": [
        {
          "index_key": "cloudresourcemanager.googleapis.com",
          "schema_version": 0,
          "attributes": {
            "disable_dependent_services": true,
            "disable_on_destroy": true,
            "id": "firebase-cloudrun-3aa4/cloudresourcemanager.googleapis.com",
            "project": "firebase-cloudrun-3aa4",
            "service": "cloudresourcemanager.googleapis.com",
            "timeouts": null
          },
          "sensitive_attributes": [],
          "private": "eyJlMmJmYjczMC1lY2FhLTExZTYtOGY4OC0zNDM2M2JjN2M0YzAiOnsiY3JlYXRlIjoxMjAwMDAwMDAwMDAwLCJkZWxldGUiOjEyMDAwMDAwMDAwMDAsInJlYWQiOjYwMDAwMDAwMDAwMCwidXBkYXRlIjoxMjAwMDAwMDAwMDAwfX0=",
          "dependencies": [
            "module.project.module.project-factory.google_project.main",
            "module.project.module.project-factory.random_id.random_project_id_suffix",
            "module.project.module.project-factory.random_string.random_project_id_suffix"
          ]
        },
        {
          "index_key": "compute.googleapis.com",
          "schema_version": 0,
          "attributes": {
            "disable_dependent_services": true,
            "disable_on_destroy": true,
            "id": "firebase-cloudrun-3aa4/compute.googleapis.com",
            "project": "firebase-cloudrun-3aa4",
            "service": "compute.googleapis.com",
            "timeouts": null
          },
          "sensitive_attributes": [],
          "private": "eyJlMmJmYjczMC1lY2FhLTExZTYtOGY4OC0zNDM2M2JjN2M0YzAiOnsiY3JlYXRlIjoxMjAwMDAwMDAwMDAwLCJkZWxldGUiOjEyMDAwMDAwMDAwMDAsInJlYWQiOjYwMDAwMDAwMDAwMCwidXBkYXRlIjoxMjAwMDAwMDAwMDAwfX0=",
          "dependencies": [
            "module.project.module.project-factory.google_project.main",
            "module.project.module.project-factory.random_id.random_project_id_suffix",
            "module.project.module.project-factory.random_string.random_project_id_suffix"
          ]
        },
        {
          "index_key": "iam.googleapis.com",
          "schema_version": 0,
          "attributes": {
            "disable_dependent_services": true,
            "disable_on_destroy": true,
            "id": "firebase-cloudrun-3aa4/iam.googleapis.com",
            "project": "firebase-cloudrun-3aa4",
            "service": "iam.googleapis.com",
            "timeouts": null
          },
          "sensitive_attributes": [],
          "private": "eyJlMmJmYjczMC1lY2FhLTExZTYtOGY4OC0zNDM2M2JjN2M0YzAiOnsiY3JlYXRlIjoxMjAwMDAwMDAwMDAwLCJkZWxldGUiOjEyMDAwMDAwMDAwMDAsInJlYWQiOjYwMDAwMDAwMDAwMCwidXBkYXRlIjoxMjAwMDAwMDAwMDAwfX0=",
          "dependencies": [
            "module.project.module.project-factory.google_project.main",
            "module.project.module.project-factory.random_id.random_project_id_suffix",
            "module.project.module.project-factory.random_string.random_project_id_suffix"
          ]
        },
        {
          "index_key": "serviceusage.googleapis.com",
          "schema_version": 0,
          "attributes": {
            "disable_dependent_services": true,
            "disable_on_destroy": true,
            "id": "firebase-cloudrun-3aa4/serviceusage.googleapis.com",
            "project": "firebase-cloudrun-3aa4",
            "service": "serviceusage.googleapis.com",
            "timeouts": null
          },
          "sensitive_attributes": [],
          "private": "eyJlMmJmYjczMC1lY2FhLTExZTYtOGY4OC0zNDM2M2JjN2M0YzAiOnsiY3JlYXRlIjoxMjAwMDAwMDAwMDAwLCJkZWxldGUiOjEyMDAwMDAwMDAwMDAsInJlYWQiOjYwMDAwMDAwMDAwMCwidXBkYXRlIjoxMjAwMDAwMDAwMDAwfX0=",
          "dependencies": [
            "module.project.module.project-factory.google_project.main",
            "module.project.module.project-factory.random_id.random_project_id_suffix",
            "module.project.module.project-factory.random_string.random_project_id_suffix"
          ]
        },
        {
          "index_key": "storage-api.googleapis.com",
          "schema_version": 0,
          "attributes": {
            "disable_dependent_services": true,
            "disable_on_destroy": true,
            "id": "firebase-cloudrun-3aa4/storage-api.googleapis.com",
            "project": "firebase-cloudrun-3aa4",
            "service": "storage-api.googleapis.com",
            "timeouts": null
          },
          "sensitive_attributes": [],
          "private": "eyJlMmJmYjczMC1lY2FhLTExZTYtOGY4OC0zNDM2M2JjN2M0YzAiOnsiY3JlYXRlIjoxMjAwMDAwMDAwMDAwLCJkZWxldGUiOjEyMDAwMDAwMDAwMDAsInJlYWQiOjYwMDAwMDAwMDAwMCwidXBkYXRlIjoxMjAwMDAwMDAwMDAwfX0=",
          "dependencies": [
            "module.project.module.project-factory.google_project.main",
            "module.project.module.project-factory.random_id.random_project_id_suffix",
            "module.project.module.project-factory.random_string.random_project_id_suffix"
          ]
        }
      ]
    }
  ],
  "check_results": null
}
